
Microsoft Visual Studio Solution File, Format Version 12.00
# Visual Studio 15
VisualStudioVersion = 15.0.28307.168
MinimumVisualStudioVersion = 10.0.40219.1
Project("{FAE04EC0-301F-11D3-BF4B-00C04F79EFBC}") = "WindowsFormsApp6", "WindowsFormsApp6\WindowsFormsApp6.csproj", "{D065B023-89AE-4E9E-BD39-D4495F792DFC}"
EndProject
Global
	GlobalSection(SolutionConfigurationPlatforms) = preSolution
		Debug|Any CPU = Debug|Any CPU
		Release|Any CPU = Release|Any CPU
	EndGlobalSection
	GlobalSection(ProjectConfigurationPlatforms) = postSolution
		{D065B023-89AE-4E9E-BD39-D4495F792DFC}.Debug|Any CPU.ActiveCfg = Debug|Any CPU
		{D065B023-89AE-4E9E-BD39-D4495F792DFC}.Debug|Any CPU.Build.0 = Debug|Any CPU
		{D065B023-89AE-4E9E-BD39-D4495F792DFC}.Release|Any CPU.ActiveCfg = Release|Any CPU
		{D065B023-89AE-4E9E-BD39-D4495F792DFC}.Release|Any CPU.Build.0 = Release|Any CPU
	EndGlobalSection
	GlobalSection(SolutionProperties) = preSolution
		HideSolutionNode = FALSE
	EndGlobalSection
	GlobalSection(ExtensibilityGlobals) = postSolution
		SolutionGuid = {E5E0F952-F7F0-47B8-9567-887D592BF6D5}
	EndGlobalSection
EndGlobal
